
Microsoft Visual Studio Solution File, Format Version 12.00
# Visual Studio Version 17
VisualStudioVersion = 17.0.32126.317
MinimumVisualStudioVersion = 10.0.40219.1
Project("{FAE04EC0-301F-11D3-BF4B-00C04F79EFBC}") = "DbIntegration", "DbIntegration\DbIntegration.csproj", "{4B41632C-DCEE-4131-993F-6C5FB56CDC33}"
EndProject
Project("{FAE04EC0-301F-11D3-BF4B-00C04F79EFBC}") = "EFIntegration", "..\EFIntegration\EFIntegration.csproj", "{9CA65EB3-3190-452E-A34F-D0C8B168808B}"
EndProject
Project("{FAE04EC0-301F-11D3-BF4B-00C04F79EFBC}") = "CodeFirstIntegration", "CodeFirstIntegration\CodeFirstIntegration.csproj", "{A8AE1884-9A2D-4965-8542-FA88CB1F0AC3}"
EndProject
Global
	GlobalSection(SolutionConfigurationPlatforms) = preSolution
		Debug|Any CPU = Debug|Any CPU
		Release|Any CPU = Release|Any CPU
	EndGlobalSection
	GlobalSection(ProjectConfigurationPlatforms) = postSolution
		{4B41632C-DCEE-4131-993F-6C5FB56CDC33}.Debug|Any CPU.ActiveCfg = Debug|Any CPU
		{4B41632C-DCEE-4131-993F-6C5FB56CDC33}.Debug|Any CPU.Build.0 = Debug|Any CPU
		{4B41632C-DCEE-4131-993F-6C5FB56CDC33}.Release|Any CPU.ActiveCfg = Release|Any CPU
		{4B41632C-DCEE-4131-993F-6C5FB56CDC33}.Release|Any CPU.Build.0 = Release|Any CPU
		{9CA65EB3-3190-452E-A34F-D0C8B168808B}.Debug|Any CPU.ActiveCfg = Debug|Any CPU
		{9CA65EB3-3190-452E-A34F-D0C8B168808B}.Debug|Any CPU.Build.0 = Debug|Any CPU
		{9CA65EB3-3190-452E-A34F-D0C8B168808B}.Release|Any CPU.ActiveCfg = Release|Any CPU
		{9CA65EB3-3190-452E-A34F-D0C8B168808B}.Release|Any CPU.Build.0 = Release|Any CPU
		{A8AE1884-9A2D-4965-8542-FA88CB1F0AC3}.Debug|Any CPU.ActiveCfg = Debug|Any CPU
		{A8AE1884-9A2D-4965-8542-FA88CB1F0AC3}.Debug|Any CPU.Build.0 = Debug|Any CPU
		{A8AE1884-9A2D-4965-8542-FA88CB1F0AC3}.Release|Any CPU.ActiveCfg = Release|Any CPU
		{A8AE1884-9A2D-4965-8542-FA88CB1F0AC3}.Release|Any CPU.Build.0 = Release|Any CPU
	EndGlobalSection
	GlobalSection(SolutionProperties) = preSolution
		HideSolutionNode = FALSE
	EndGlobalSection
	GlobalSection(ExtensibilityGlobals) = postSolution
		SolutionGuid = {266C92E0-CC21-43DB-9935-34D32C052B4A}
	EndGlobalSection
EndGlobal
